<Solution>
  <Folder Name="/src/">
    <Project Path="src/WordPin.App/WordPin.App.csproj" />
    <Project Path="src/WordPin.Application/WordPin.Application.csproj" />
    <Project Path="src/WordPin.Domain/WordPin.Domain.csproj" />
    <Project Path="src/WordPin.Infrastructure/WordPin.Infrastructure.csproj" />
  </Folder>
  <Folder Name="/tests/">
    <Project Path="tests/WordPin.Infrastructure.Tests/WordPin.Infrastructure.Tests.csproj" />
  </Folder>
  <Folder Name="/tools/">
    <Project Path="tools/WordPin.DictionaryImport/WordPin.DictionaryImport.csproj" />
  </Folder>
</Solution>
